
Microsoft Visual Studio Solution File, Format Version 12.00
# Visual Studio Version 16
VisualStudioVersion = 16.0.29926.136
MinimumVisualStudioVersion = 10.0.40219.1
Project("{FAE04EC0-301F-11D3-BF4B-00C04F79EFBC}") = "EmployeeSignMangment", "ESM\EmployeeSignMangment.csproj", "{5556CBD3-0B21-4B40-9E8B-ECE89A9A0536}"
EndProject
Project("{FAE04EC0-301F-11D3-BF4B-00C04F79EFBC}") = "Utilities", "Utilities\Utilities.csproj", "{B0449962-4CF1-4E99-8ED7-8E6E4F3F346A}"
EndProject
Project("{2150E333-8FDC-42A3-9474-1A3956D46DE8}") = "Solution Items", "Solution Items", "{77B43BD2-A8D7-4414-B4FB-48101163F066}"
	ProjectSection(SolutionItems) = preProject
		ESM\EmployeesMainForm.en.resx = ESM\EmployeesMainForm.en.resx
	EndProjectSection
EndProject
Global
	GlobalSection(SolutionConfigurationPlatforms) = preSolution
		Debug|Any CPU = Debug|Any CPU
		Release|Any CPU = Release|Any CPU
	EndGlobalSection
	GlobalSection(ProjectConfigurationPlatforms) = postSolution
		{5556CBD3-0B21-4B40-9E8B-ECE89A9A0536}.Debug|Any CPU.ActiveCfg = Debug|Any CPU
		{5556CBD3-0B21-4B40-9E8B-ECE89A9A0536}.Debug|Any CPU.Build.0 = Debug|Any CPU
		{5556CBD3-0B21-4B40-9E8B-ECE89A9A0536}.Release|Any CPU.ActiveCfg = Release|Any CPU
		{5556CBD3-0B21-4B40-9E8B-ECE89A9A0536}.Release|Any CPU.Build.0 = Release|Any CPU
		{B0449962-4CF1-4E99-8ED7-8E6E4F3F346A}.Debug|Any CPU.ActiveCfg = Debug|Any CPU
		{B0449962-4CF1-4E99-8ED7-8E6E4F3F346A}.Debug|Any CPU.Build.0 = Debug|Any CPU
		{B0449962-4CF1-4E99-8ED7-8E6E4F3F346A}.Release|Any CPU.ActiveCfg = Release|Any CPU
		{B0449962-4CF1-4E99-8ED7-8E6E4F3F346A}.Release|Any CPU.Build.0 = Release|Any CPU
	EndGlobalSection
	GlobalSection(SolutionProperties) = preSolution
		HideSolutionNode = FALSE
	EndGlobalSection
	GlobalSection(ExtensibilityGlobals) = postSolution
		SolutionGuid = {574F42ED-81E3-485C-80B0-44FC416E6039}
	EndGlobalSection
EndGlobal
